
Microsoft Visual Studio Solution File, Format Version 12.00
# Visual Studio Version 17
VisualStudioVersion = 17.0.31903.59
MinimumVisualStudioVersion = 10.0.40219.1
Project("{8BC9CEB8-8B4A-11D0-8D11-00A0C91BC942}") = "ADLXBindings", "ADLXBindings\ADLXBindings.vcxproj", "{B9106003-FDC7-4318-A4C7-31C40484CD4E}"
EndProject
Project("{9A19103F-16F7-4668-BE54-9A1E7A4F7556}") = "ADLXWrapper", "ADLXWrapper\ADLXWrapper.csproj", "{E0B1AFF2-2855-4EBC-B583-18E45EF2F5A1}"
	ProjectSection(ProjectDependencies) = postProject
		{B9106003-FDC7-4318-A4C7-31C40484CD4E} = {B9106003-FDC7-4318-A4C7-31C40484CD4E}
	EndProjectSection
EndProject
Project("{FAE04EC0-301F-11D3-BF4B-00C04F79EFBC}") = "ADLXWrapper.TestApp", "ADLXWrapper.TestApp\ADLXWrapper.TestApp.csproj", "{F30F9375-26DD-4A42-95FB-6D39D3A45B5D}"
EndProject
Global
	GlobalSection(SolutionConfigurationPlatforms) = preSolution
		Debug|Any CPU = Debug|Any CPU
		Debug|x64 = Debug|x64
		Debug|x86 = Debug|x86
		Release|Any CPU = Release|Any CPU
		Release|x64 = Release|x64
		Release|x86 = Release|x86
	EndGlobalSection
	GlobalSection(ProjectConfigurationPlatforms) = postSolution
		{B9106003-FDC7-4318-A4C7-31C40484CD4E}.Debug|Any CPU.ActiveCfg = Debug|x64
		{B9106003-FDC7-4318-A4C7-31C40484CD4E}.Debug|Any CPU.Build.0 = Debug|x64
		{B9106003-FDC7-4318-A4C7-31C40484CD4E}.Debug|x64.ActiveCfg = Debug|x64
		{B9106003-FDC7-4318-A4C7-31C40484CD4E}.Debug|x64.Build.0 = Debug|x64
		{B9106003-FDC7-4318-A4C7-31C40484CD4E}.Debug|x86.ActiveCfg = Debug|Win32
		{B9106003-FDC7-4318-A4C7-31C40484CD4E}.Debug|x86.Build.0 = Debug|Win32
		{B9106003-FDC7-4318-A4C7-31C40484CD4E}.Release|Any CPU.ActiveCfg = Release|x64
		{B9106003-FDC7-4318-A4C7-31C40484CD4E}.Release|Any CPU.Build.0 = Release|x64
		{B9106003-FDC7-4318-A4C7-31C40484CD4E}.Release|x64.ActiveCfg = Release|x64
		{B9106003-FDC7-4318-A4C7-31C40484CD4E}.Release|x64.Build.0 = Release|x64
		{B9106003-FDC7-4318-A4C7-31C40484CD4E}.Release|x86.ActiveCfg = Release|Win32
		{B9106003-FDC7-4318-A4C7-31C40484CD4E}.Release|x86.Build.0 = Release|Win32
		{E0B1AFF2-2855-4EBC-B583-18E45EF2F5A1}.Debug|Any CPU.ActiveCfg = Debug|Any CPU
		{E0B1AFF2-2855-4EBC-B583-18E45EF2F5A1}.Debug|Any CPU.Build.0 = Debug|Any CPU
		{E0B1AFF2-2855-4EBC-B583-18E45EF2F5A1}.Debug|x64.ActiveCfg = Debug|Any CPU
		{E0B1AFF2-2855-4EBC-B583-18E45EF2F5A1}.Debug|x64.Build.0 = Debug|Any CPU
		{E0B1AFF2-2855-4EBC-B583-18E45EF2F5A1}.Debug|x86.ActiveCfg = Debug|Any CPU
		{E0B1AFF2-2855-4EBC-B583-18E45EF2F5A1}.Debug|x86.Build.0 = Debug|Any CPU
		{E0B1AFF2-2855-4EBC-B583-18E45EF2F5A1}.Release|Any CPU.ActiveCfg = Release|Any CPU
		{E0B1AFF2-2855-4EBC-B583-18E45EF2F5A1}.Release|Any CPU.Build.0 = Release|Any CPU
		{E0B1AFF2-2855-4EBC-B583-18E45EF2F5A1}.Release|x64.ActiveCfg = Release|Any CPU
		{E0B1AFF2-2855-4EBC-B583-18E45EF2F5A1}.Release|x64.Build.0 = Release|Any CPU
		{E0B1AFF2-2855-4EBC-B583-18E45EF2F5A1}.Release|x86.ActiveCfg = Release|Any CPU
		{E0B1AFF2-2855-4EBC-B583-18E45EF2F5A1}.Release|x86.Build.0 = Release|Any CPU
		{F30F9375-26DD-4A42-95FB-6D39D3A45B5D}.Debug|Any CPU.ActiveCfg = Debug|Any CPU
		{F30F9375-26DD-4A42-95FB-6D39D3A45B5D}.Debug|Any CPU.Build.0 = Debug|Any CPU
		{F30F9375-26DD-4A42-95FB-6D39D3A45B5D}.Debug|x64.ActiveCfg = Debug|Any CPU
		{F30F9375-26DD-4A42-95FB-6D39D3A45B5D}.Debug|x64.Build.0 = Debug|Any CPU
		{F30F9375-26DD-4A42-95FB-6D39D3A45B5D}.Debug|x86.ActiveCfg = Debug|Any CPU
		{F30F9375-26DD-4A42-95FB-6D39D3A45B5D}.Debug|x86.Build.0 = Debug|Any CPU
		{F30F9375-26DD-4A42-95FB-6D39D3A45B5D}.Release|Any CPU.ActiveCfg = Release|Any CPU
		{F30F9375-26DD-4A42-95FB-6D39D3A45B5D}.Release|Any CPU.Build.0 = Release|Any CPU
		{F30F9375-26DD-4A42-95FB-6D39D3A45B5D}.Release|x64.ActiveCfg = Release|Any CPU
		{F30F9375-26DD-4A42-95FB-6D39D3A45B5D}.Release|x64.Build.0 = Release|Any CPU
		{F30F9375-26DD-4A42-95FB-6D39D3A45B5D}.Release|x86.ActiveCfg = Release|Any CPU
		{F30F9375-26DD-4A42-95FB-6D39D3A45B5D}.Release|x86.Build.0 = Release|Any CPU
	EndGlobalSection
	GlobalSection(SolutionProperties) = preSolution
		HideSolutionNode = FALSE
	EndGlobalSection
	GlobalSection(ExtensibilityGlobals) = postSolution
		SolutionGuid = {64A9B304-8535-4409-B950-C61C54582F90}
	EndGlobalSection
EndGlobal
